{
    "_meta": {
        "hash": {
            "sha256": "3ec9d3223d33635a3ee7f77f3904f5329bc085c2d9bf9bb5af5f7635ce402e70"
        },
        "pipfile-spec": 6,
        "requires": {
            "python_version": "3.6"
        },
        "sources": [
            {
                "name": "pypi",
                "url": "https://pypi.org/simple",
                "verify_ssl": true
            }
        ]
    },
    "default": {
        "django": {
            "hashes": [
                "sha256:9ef9de0a957245ed3a29c4162ed2fd493252ca249a755f9e2b4a9be82caf8f6b",
                "sha256:c69e0c0416f2376b677830304d4c5fa8793b9c815af77be659a3c50d1f46c2e6"
            ],
            "index": "pypi",
            "version": "==1.11.3"
        },
        "pytz": {
            "hashes": [
                "sha256:303879e36b721603cc54604edcac9d20401bdbe31e1e4fdee5b9f98d5d31dfda",
                "sha256:d747dd3d23d77ef44c6a3526e274af6efeb0a6f1afd5a69ba4d5be4098c8e141"
            ],
            "version": "==2019.1"
        },
        "selenium": {
            "hashes": [
                "sha256:0c09f437f4f6754c0543d79bae4e58b8fd40b3d7cd10889eca66dd1c7af24c63",
                "sha256:9e4885e7c72e20126b22ce5fc5981bbedd80bff99474c0757f62d5e68e1f17ac"
            ],
            "index": "pypi",
            "version": "==3.4.3"
        }
    },
    "develop": {}
}
